{
  "name": "client",
  "version": "0.1.0",
  "lockfileVersion": 1,
  "requires": true,
  "dependencies": {
    "@emnapi/runtime": {
      "version": "1.3.1",
      "resolved": "https://registry.npmjs.org/@emnapi/runtime/-/runtime-1.3.1.tgz",
      "integrity": "sha512-kEBmG8KyqtxJZv+ygbEim+KCGtIq1fC22Ms3S4ziXmYKm8uyoLX0MHONVKwp+9opg390VaKRNt4a7A9NwmpNhw==",
      "optional": true,
      "requires": {
        "tslib": "^2.4.0"
      }
    },
    "@img/sharp-darwin-arm64": {
      "version": "0.33.5",
      "resolved": "https://registry.npmjs.org/@img/sharp-darwin-arm64/-/sharp-darwin-arm64-0.33.5.tgz",
      "integrity": "sha512-UT4p+iz/2H4twwAoLCqfA9UH5pI6DggwKEGuaPy7nCVQ8ZsiY5PIcrRvD1DzuY3qYL07NtIQcWnBSY/heikIFQ==",
      "optional": true,
      "requires": {
        "@img/sharp-libvips-darwin-arm64": "1.0.4"
      }
    },
    "@img/sharp-darwin-x64": {
      "version": "0.33.5",
      "resolved": "https://registry.npmjs.org/@img/sharp-darwin-x64/-/sharp-darwin-x64-0.33.5.tgz",
      "integrity": "sha512-fyHac4jIc1ANYGRDxtiqelIbdWkIuQaI84Mv45KvGRRxSAa7o7d1ZKAOBaYbnepLC1WqxfpimdeWfvqqSGwR2Q==",
      "optional": true,
      "requires": {
        "@img/sharp-libvips-darwin-x64": "1.0.4"
      }
    },
    "@img/sharp-libvips-darwin-arm64": {
      "version": "1.0.4",
      "resolved": "https://registry.npmjs.org/@img/sharp-libvips-darwin-arm64/-/sharp-libvips-darwin-arm64-1.0.4.tgz",
      "integrity": "sha512-XblONe153h0O2zuFfTAbQYAX2JhYmDHeWikp1LM9Hul9gVPjFY427k6dFEcOL72O01QxQsWi761svJ/ev9xEDg==",
      "optional": true
    },
    "@img/sharp-libvips-darwin-x64": {
      "version": "1.0.4",
      "resolved": "https://registry.npmjs.org/@img/sharp-libvips-darwin-x64/-/sharp-libvips-darwin-x64-1.0.4.tgz",
      "integrity": "sha512-xnGR8YuZYfJGmWPvmlunFaWJsb9T/AO2ykoP3Fz/0X5XV2aoYBPkX6xqCQvUTKKiLddarLaxpzNe+b1hjeWHAQ==",
      "optional": true
    },
    "@img/sharp-libvips-linux-arm": {
      "version": "1.0.5",
      "resolved": "https://registry.npmjs.org/@img/sharp-libvips-linux-arm/-/sharp-libvips-linux-arm-1.0.5.tgz",
      "integrity": "sha512-gvcC4ACAOPRNATg/ov8/MnbxFDJqf/pDePbBnuBDcjsI8PssmjoKMAz4LtLaVi+OnSb5FK/yIOamqDwGmXW32g==",
      "optional": true
    },
    "@img/sharp-libvips-linux-arm64": {
      "version": "1.0.4",
      "resolved": "https://registry.npmjs.org/@img/sharp-libvips-linux-arm64/-/sharp-libvips-linux-arm64-1.0.4.tgz",
      "integrity": "sha512-9B+taZ8DlyyqzZQnoeIvDVR/2F4EbMepXMc/NdVbkzsJbzkUjhXv/70GQJ7tdLA4YJgNP25zukcxpX2/SueNrA==",
      "optional": true
    },
    "@img/sharp-libvips-linux-s390x": {
      "version": "1.0.4",
      "resolved": "https://registry.npmjs.org/@img/sharp-libvips-linux-s390x/-/sharp-libvips-linux-s390x-1.0.4.tgz",
      "integrity": "sha512-u7Wz6ntiSSgGSGcjZ55im6uvTrOxSIS8/dgoVMoiGE9I6JAfU50yH5BoDlYA1tcuGS7g/QNtetJnxA6QEsCVTA==",
      "optional": true
    },
    "@img/sharp-libvips-linux-x64": {
      "version": "1.0.4",
      "resolved": "https://registry.npmjs.org/@img/sharp-libvips-linux-x64/-/sharp-libvips-linux-x64-1.0.4.tgz",
      "integrity": "sha512-MmWmQ3iPFZr0Iev+BAgVMb3ZyC4KeFc3jFxnNbEPas60e1cIfevbtuyf9nDGIzOaW9PdnDciJm+wFFaTlj5xYw==",
      "optional": true
    },
    "@img/sharp-libvips-linuxmusl-arm64": {
      "version": "1.0.4",
      "resolved": "https://registry.npmjs.org/@img/sharp-libvips-linuxmusl-arm64/-/sharp-libvips-linuxmusl-arm64-1.0.4.tgz",
      "integrity": "sha512-9Ti+BbTYDcsbp4wfYib8Ctm1ilkugkA/uscUn6UXK1ldpC1JjiXbLfFZtRlBhjPZ5o1NCLiDbg8fhUPKStHoTA==",
      "optional": true
    },
    "@img/sharp-libvips-linuxmusl-x64": {
      "version": "1.0.4",
      "resolved": "https://registry.npmjs.org/@img/sharp-libvips-linuxmusl-x64/-/sharp-libvips-linuxmusl-x64-1.0.4.tgz",
      "integrity": "sha512-viYN1KX9m+/hGkJtvYYp+CCLgnJXwiQB39damAO7WMdKWlIhmYTfHjwSbQeUK/20vY154mwezd9HflVFM1wVSw==",
      "optional": true
    },
    "@img/sharp-linux-arm": {
      "version": "0.33.5",
      "resolved": "https://registry.npmjs.org/@img/sharp-linux-arm/-/sharp-linux-arm-0.33.5.tgz",
      "integrity": "sha512-JTS1eldqZbJxjvKaAkxhZmBqPRGmxgu+qFKSInv8moZ2AmT5Yib3EQ1c6gp493HvrvV8QgdOXdyaIBrhvFhBMQ==",
      "optional": true,
      "requires": {
        "@img/sharp-libvips-linux-arm": "1.0.5"
      }
    },
    "@img/sharp-linux-arm64": {
      "version": "0.33.5",
      "resolved": "https://registry.npmjs.org/@img/sharp-linux-arm64/-/sharp-linux-arm64-0.33.5.tgz",
      "integrity": "sha512-JMVv+AMRyGOHtO1RFBiJy/MBsgz0x4AWrT6QoEVVTyh1E39TrCUpTRI7mx9VksGX4awWASxqCYLCV4wBZHAYxA==",
      "optional": true,
      "requires": {
        "@img/sharp-libvips-linux-arm64": "1.0.4"
      }
    },
    "@img/sharp-linux-s390x": {
      "version": "0.33.5",
      "resolved": "https://registry.npmjs.org/@img/sharp-linux-s390x/-/sharp-linux-s390x-0.33.5.tgz",
      "integrity": "sha512-y/5PCd+mP4CA/sPDKl2961b+C9d+vPAveS33s6Z3zfASk2j5upL6fXVPZi7ztePZ5CuH+1kW8JtvxgbuXHRa4Q==",
      "optional": true,
      "requires": {
        "@img/sharp-libvips-linux-s390x": "1.0.4"
      }
    },
    "@img/sharp-linux-x64": {
      "version": "0.33.5",
      "resolved": "https://registry.npmjs.org/@img/sharp-linux-x64/-/sharp-linux-x64-0.33.5.tgz",
      "integrity": "sha512-opC+Ok5pRNAzuvq1AG0ar+1owsu842/Ab+4qvU879ippJBHvyY5n2mxF1izXqkPYlGuP/M556uh53jRLJmzTWA==",
      "optional": true,
      "requires": {
        "@img/sharp-libvips-linux-x64": "1.0.4"
      }
    },
    "@img/sharp-linuxmusl-arm64": {
      "version": "0.33.5",
      "resolved": "https://registry.npmjs.org/@img/sharp-linuxmusl-arm64/-/sharp-linuxmusl-arm64-0.33.5.tgz",
      "integrity": "sha512-XrHMZwGQGvJg2V/oRSUfSAfjfPxO+4DkiRh6p2AFjLQztWUuY/o8Mq0eMQVIY7HJ1CDQUJlxGGZRw1a5bqmd1g==",
      "optional": true,
      "requires": {
        "@img/sharp-libvips-linuxmusl-arm64": "1.0.4"
      }
    },
    "@img/sharp-linuxmusl-x64": {
      "version": "0.33.5",
      "resolved": "https://registry.npmjs.org/@img/sharp-linuxmusl-x64/-/sharp-linuxmusl-x64-0.33.5.tgz",
      "integrity": "sha512-WT+d/cgqKkkKySYmqoZ8y3pxx7lx9vVejxW/W4DOFMYVSkErR+w7mf2u8m/y4+xHe7yY9DAXQMWQhpnMuFfScw==",
      "optional": true,
      "requires": {
        "@img/sharp-libvips-linuxmusl-x64": "1.0.4"
      }
    },
    "@img/sharp-wasm32": {
      "version": "0.33.5",
      "resolved": "https://registry.npmjs.org/@img/sharp-wasm32/-/sharp-wasm32-0.33.5.tgz",
      "integrity": "sha512-ykUW4LVGaMcU9lu9thv85CbRMAwfeadCJHRsg2GmeRa/cJxsVY9Rbd57JcMxBkKHag5U/x7TSBpScF4U8ElVzg==",
      "optional": true,
      "requires": {
        "@emnapi/runtime": "^1.2.0"
      }
    },
    "@img/sharp-win32-ia32": {
      "version": "0.33.5",
      "resolved": "https://registry.npmjs.org/@img/sharp-win32-ia32/-/sharp-win32-ia32-0.33.5.tgz",
      "integrity": "sha512-T36PblLaTwuVJ/zw/LaH0PdZkRz5rd3SmMHX8GSmR7vtNSP5Z6bQkExdSK7xGWyxLw4sUknBuugTelgw2faBbQ==",
      "optional": true
    },
    "@img/sharp-win32-x64": {
      "version": "0.33.5",
      "resolved": "https://registry.npmjs.org/@img/sharp-win32-x64/-/sharp-win32-x64-0.33.5.tgz",
      "integrity": "sha512-MpY/o8/8kj+EcnxwvrP4aTJSWw/aZ7JIGR4aBeZkZw5B7/Jn+tY9/VNwtcoGmdT7GfggGIU4kygOMSbYnOrAbg==",
      "optional": true
    },
    "@next/env": {
      "version": "15.2.0",
      "resolved": "https://registry.npmjs.org/@next/env/-/env-15.2.0.tgz",
      "integrity": "sha512-eMgJu1RBXxxqqnuRJQh5RozhskoNUDHBFybvi+Z+yK9qzKeG7dadhv/Vp1YooSZmCnegf7JxWuapV77necLZNA=="
    },
    "@next/swc-darwin-arm64": {
      "version": "15.2.0",
      "resolved": "https://registry.npmjs.org/@next/swc-darwin-arm64/-/swc-darwin-arm64-15.2.0.tgz",
      "integrity": "sha512-rlp22GZwNJjFCyL7h5wz9vtpBVuCt3ZYjFWpEPBGzG712/uL1bbSkS675rVAUCRZ4hjoTJ26Q7IKhr5DfJrHDA==",
      "optional": true
    },
    "@next/swc-darwin-x64": {
      "version": "15.2.0",
      "resolved": "https://registry.npmjs.org/@next/swc-darwin-x64/-/swc-darwin-x64-15.2.0.tgz",
      "integrity": "sha512-DiU85EqSHogCz80+sgsx90/ecygfCSGl5P3b4XDRVZpgujBm5lp4ts7YaHru7eVTyZMjHInzKr+w0/7+qDrvMA==",
      "optional": true
    },
    "@next/swc-linux-arm64-gnu": {
      "version": "15.2.0",
      "resolved": "https://registry.npmjs.org/@next/swc-linux-arm64-gnu/-/swc-linux-arm64-gnu-15.2.0.tgz",
      "integrity": "sha512-VnpoMaGukiNWVxeqKHwi8MN47yKGyki5q+7ql/7p/3ifuU2341i/gDwGK1rivk0pVYbdv5D8z63uu9yMw0QhpQ==",
      "optional": true
    },
    "@next/swc-linux-arm64-musl": {
      "version": "15.2.0",
      "resolved": "https://registry.npmjs.org/@next/swc-linux-arm64-musl/-/swc-linux-arm64-musl-15.2.0.tgz",
      "integrity": "sha512-ka97/ssYE5nPH4Qs+8bd8RlYeNeUVBhcnsNUmFM6VWEob4jfN9FTr0NBhXVi1XEJpj3cMfgSRW+LdE3SUZbPrw==",
      "optional": true
    },
    "@next/swc-linux-x64-gnu": {
      "version": "15.2.0",
      "resolved": "https://registry.npmjs.org/@next/swc-linux-x64-gnu/-/swc-linux-x64-gnu-15.2.0.tgz",
      "integrity": "sha512-zY1JduE4B3q0k2ZCE+DAF/1efjTXUsKP+VXRtrt/rJCTgDlUyyryx7aOgYXNc1d8gobys/Lof9P9ze8IyRDn7Q==",
      "optional": true
    },
    "@next/swc-linux-x64-musl": {
      "version": "15.2.0",
      "resolved": "https://registry.npmjs.org/@next/swc-linux-x64-musl/-/swc-linux-x64-musl-15.2.0.tgz",
      "integrity": "sha512-QqvLZpurBD46RhaVaVBepkVQzh8xtlUN00RlG4Iq1sBheNugamUNPuZEH1r9X1YGQo1KqAe1iiShF0acva3jHQ==",
      "optional": true
    },
    "@next/swc-win32-arm64-msvc": {
      "version": "15.2.0",
      "resolved": "https://registry.npmjs.org/@next/swc-win32-arm64-msvc/-/swc-win32-arm64-msvc-15.2.0.tgz",
      "integrity": "sha512-ODZ0r9WMyylTHAN6pLtvUtQlGXBL9voljv6ujSlcsjOxhtXPI1Ag6AhZK0SE8hEpR1374WZZ5w33ChpJd5fsjw==",
      "optional": true
    },
    "@next/swc-win32-x64-msvc": {
      "version": "15.2.0",
      "resolved": "https://registry.npmjs.org/@next/swc-win32-x64-msvc/-/swc-win32-x64-msvc-15.2.0.tgz",
      "integrity": "sha512-8+4Z3Z7xa13NdUuUAcpVNA6o76lNPniBd9Xbo02bwXQXnZgFvEopwY2at5+z7yHl47X9qbZpvwatZ2BRo3EdZw==",
      "optional": true
    },
    "@swc/counter": {
      "version": "0.1.3",
      "resolved": "https://registry.npmjs.org/@swc/counter/-/counter-0.1.3.tgz",
      "integrity": "sha512-e2BR4lsJkkRlKZ/qCHPw9ZaSxc0MVUd7gtbtaB7aMvHeJVYe8sOB8DBZkP2DtISHGSku9sCK6T6cnY0CtXrOCQ=="
    },
    "@swc/helpers": {
      "version": "0.5.15",
      "resolved": "https://registry.npmjs.org/@swc/helpers/-/helpers-0.5.15.tgz",
      "integrity": "sha512-JQ5TuMi45Owi4/BIMAJBoSQoOJu12oOk/gADqlcUL9JEdHB8vyjUSsxqeNXnmXHjYKMi2WcYtezGEEhqUI/E2g==",
      "requires": {
        "tslib": "^2.8.0"
      }
    },
    "@types/node": {
      "version": "20.17.22",
      "resolved": "https://registry.npmjs.org/@types/node/-/node-20.17.22.tgz",
      "integrity": "sha512-9RV2zST+0s3EhfrMZIhrz2bhuhBwxgkbHEwP2gtGWPjBzVQjifMzJ9exw7aDZhR1wbpj8zBrfp3bo8oJcGiUUw==",
      "dev": true,
      "requires": {
        "undici-types": "~6.19.2"
      }
    },
    "@types/react": {
      "version": "19.0.10",
      "resolved": "https://registry.npmjs.org/@types/react/-/react-19.0.10.tgz",
      "integrity": "sha512-JuRQ9KXLEjaUNjTWpzuR231Z2WpIwczOkBEIvbHNCzQefFIT0L8IqE6NV6ULLyC1SI/i234JnDoMkfg+RjQj2g==",
      "dev": true,
      "requires": {
        "csstype": "^3.0.2"
      }
    },
    "@types/react-dom": {
      "version": "19.0.4",
      "resolved": "https://registry.npmjs.org/@types/react-dom/-/react-dom-19.0.4.tgz",
      "integrity": "sha512-4fSQ8vWFkg+TGhePfUzVmat3eC14TXYSsiiDSLI0dVLsrm9gZFABjPy/Qu6TKgl1tq1Bu1yDsuQgY3A3DOjCcg==",
      "dev": true
    },
    "busboy": {
      "version": "1.6.0",
      "resolved": "https://registry.npmjs.org/busboy/-/busboy-1.6.0.tgz",
      "integrity": "sha512-8SFQbg/0hQ9xy3UNTB0YEnsNBbWfhf7RtnzpL7TkBiTBRfrQ9Fxcnz7VJsleJpyp6rVLvXiuORqjlHi5q+PYuA==",
      "requires": {
        "streamsearch": "^1.1.0"
      }
    },
    "caniuse-lite": {
      "version": "1.0.30001701",
      "resolved": "https://registry.npmjs.org/caniuse-lite/-/caniuse-lite-1.0.30001701.tgz",
      "integrity": "sha512-faRs/AW3jA9nTwmJBSO1PQ6L/EOgsB5HMQQq4iCu5zhPgVVgO/pZRHlmatwijZKetFw8/Pr4q6dEN8sJuq8qTw=="
    },
    "client-only": {
      "version": "0.0.1",
      "resolved": "https://registry.npmjs.org/client-only/-/client-only-0.0.1.tgz",
      "integrity": "sha512-IV3Ou0jSMzZrd3pZ48nLkT9DA7Ag1pnPzaiQhpW7c3RbcqqzvzzVu+L8gfqMp/8IM2MQtSiqaCxrrcfu8I8rMA=="
    },
    "color": {
      "version": "4.2.3",
      "resolved": "https://registry.npmjs.org/color/-/color-4.2.3.tgz",
      "integrity": "sha512-1rXeuUUiGGrykh+CeBdu5Ie7OJwinCgQY0bc7GCRxy5xVHy+moaqkpL/jqQq0MtQOeYcrqEz4abc5f0KtU7W4A==",
      "optional": true,
      "requires": {
        "color-convert": "^2.0.1",
        "color-string": "^1.9.0"
      }
    },
    "color-convert": {
      "version": "2.0.1",
      "resolved": "https://registry.npmjs.org/color-convert/-/color-convert-2.0.1.tgz",
      "integrity": "sha512-RRECPsj7iu/xb5oKYcsFHSppFNnsj/52OVTRKb4zP5onXwVF3zVmmToNcOfGC+CRDpfK/U584fMg38ZHCaElKQ==",
      "optional": true,
      "requires": {
        "color-name": "~1.1.4"
      }
    },
    "color-name": {
      "version": "1.1.4",
      "resolved": "https://registry.npmjs.org/color-name/-/color-name-1.1.4.tgz",
      "integrity": "sha512-dOy+3AuW3a2wNbZHIuMZpTcgjGuLU/uBL/ubcZF9OXbDo8ff4O8yVp5Bf0efS8uEoYo5q4Fx7dY9OgQGXgAsQA==",
      "optional": true
    },
    "color-string": {
      "version": "1.9.1",
      "resolved": "https://registry.npmjs.org/color-string/-/color-string-1.9.1.tgz",
      "integrity": "sha512-shrVawQFojnZv6xM40anx4CkoDP+fZsw/ZerEMsW/pyzsRbElpsL/DBVW7q3ExxwusdNXI3lXpuhEZkzs8p5Eg==",
      "optional": true,
      "requires": {
        "color-name": "^1.0.0",
        "simple-swizzle": "^0.2.2"
      }
    },
    "css-loader": {
      "version": "7.1.2",
      "resolved": "https://registry.npmjs.org/css-loader/-/css-loader-7.1.2.tgz",
      "integrity": "sha512-6WvYYn7l/XEGN8Xu2vWFt9nVzrCn39vKyTEFf/ExEyoksJjjSZV/0/35XPlMbpnr6VGhZIUg5yJrL8tGfes/FA==",
      "dev": true,
      "requires": {
        "icss-utils": "^5.1.0",
        "postcss": "^8.4.33",
        "postcss-modules-extract-imports": "^3.1.0",
        "postcss-modules-local-by-default": "^4.0.5",
        "postcss-modules-scope": "^3.2.0",
        "postcss-modules-values": "^4.0.0",
        "postcss-value-parser": "^4.2.0",
        "semver": "^7.5.4"
      },
      "dependencies": {
        "postcss": {
          "version": "8.5.3",
          "resolved": "https://registry.npmjs.org/postcss/-/postcss-8.5.3.tgz",
          "integrity": "sha512-dle9A3yYxlBSrt8Fu+IpjGT8SY8hN0mlaA6GY8t0P5PjIOZemULz/E2Bnm/2dcUOena75OTNkHI76uZBNUUq3A==",
          "dev": true,
          "requires": {
            "nanoid": "^3.3.8",
            "picocolors": "^1.1.1",
            "source-map-js": "^1.2.1"
          }
        }
      }
    },
    "cssesc": {
      "version": "3.0.0",
      "resolved": "https://registry.npmjs.org/cssesc/-/cssesc-3.0.0.tgz",
      "integrity": "sha512-/Tb/JcjK111nNScGob5MNtsntNM1aCNUDipB/TkwZFhyDrrE47SOx/18wF2bbjgc3ZzCSKW1T5nt5EbFoAz/Vg==",
      "dev": true
    },
    "csstype": {
      "version": "3.1.3",
      "resolved": "https://registry.npmjs.org/csstype/-/csstype-3.1.3.tgz",
      "integrity": "sha512-M1uQkMl8rQK/szD0LNhtqxIPLpimGm8sOBwU7lLnCpSbTyY3yeU1Vc7l4KT5zT4s/yOxHH5O7tIuuLOCnLADRw==",
      "dev": true
    },
    "detect-libc": {
      "version": "2.0.3",
      "resolved": "https://registry.npmjs.org/detect-libc/-/detect-libc-2.0.3.tgz",
      "integrity": "sha512-bwy0MGW55bG41VqxxypOsdSdGqLwXPI/focwgTYCFMbdUiBAxLg9CFzG08sz2aqzknwiX7Hkl0bQENjg8iLByw==",
      "optional": true
    },
    "icss-utils": {
      "version": "5.1.0",
      "resolved": "https://registry.npmjs.org/icss-utils/-/icss-utils-5.1.0.tgz",
      "integrity": "sha512-soFhflCVWLfRNOPU3iv5Z9VUdT44xFRbzjLsEzSr5AQmgqPMTHdU3PMT1Cf1ssx8fLNJDA1juftYl+PUcv3MqA==",
      "dev": true
    },
    "is-arrayish": {
      "version": "0.3.2",
      "resolved": "https://registry.npmjs.org/is-arrayish/-/is-arrayish-0.3.2.tgz",
      "integrity": "sha512-eVRqCvVlZbuw3GrM63ovNSNAeA1K16kaR/LRY/92w0zxQ5/1YzwblUX652i4Xs9RwAGjW9d9y6X88t8OaAJfWQ==",
      "optional": true
    },
    "nanoid": {
      "version": "3.3.8",
      "resolved": "https://registry.npmjs.org/nanoid/-/nanoid-3.3.8.tgz",
      "integrity": "sha512-WNLf5Sd8oZxOm+TzppcYk8gVOgP+l58xNy58D0nbUnOxOWRWvlcCV4kUF7ltmI6PsrLl/BgKEyS4mqsGChFN0w=="
    },
    "next": {
      "version": "15.2.0",
      "resolved": "https://registry.npmjs.org/next/-/next-15.2.0.tgz",
      "integrity": "sha512-VaiM7sZYX8KIAHBrRGSFytKknkrexNfGb8GlG6e93JqueCspuGte8i4ybn8z4ww1x3f2uzY4YpTaBEW4/hvsoQ==",
      "requires": {
        "@next/env": "15.2.0",
        "@next/swc-darwin-arm64": "15.2.0",
        "@next/swc-darwin-x64": "15.2.0",
        "@next/swc-linux-arm64-gnu": "15.2.0",
        "@next/swc-linux-arm64-musl": "15.2.0",
        "@next/swc-linux-x64-gnu": "15.2.0",
        "@next/swc-linux-x64-musl": "15.2.0",
        "@next/swc-win32-arm64-msvc": "15.2.0",
        "@next/swc-win32-x64-msvc": "15.2.0",
        "@swc/counter": "0.1.3",
        "@swc/helpers": "0.5.15",
        "busboy": "1.6.0",
        "caniuse-lite": "^1.0.30001579",
        "postcss": "8.4.31",
        "sharp": "^0.33.5",
        "styled-jsx": "5.1.6"
      }
    },
    "picocolors": {
      "version": "1.1.1",
      "resolved": "https://registry.npmjs.org/picocolors/-/picocolors-1.1.1.tgz",
      "integrity": "sha512-xceH2snhtb5M9liqDsmEw56le376mTZkEX/jEb/RxNFyegNul7eNslCXP9FDj/Lcu0X8KEyMceP2ntpaHrDEVA=="
    },
    "postcss": {
      "version": "8.4.31",
      "resolved": "https://registry.npmjs.org/postcss/-/postcss-8.4.31.tgz",
      "integrity": "sha512-PS08Iboia9mts/2ygV3eLpY5ghnUcfLV/EXTOW1E2qYxJKGGBUtNjN76FYHnMs36RmARn41bC0AZmn+rR0OVpQ==",
      "requires": {
        "nanoid": "^3.3.6",
        "picocolors": "^1.0.0",
        "source-map-js": "^1.0.2"
      }
    },
    "postcss-modules-extract-imports": {
      "version": "3.1.0",
      "resolved": "https://registry.npmjs.org/postcss-modules-extract-imports/-/postcss-modules-extract-imports-3.1.0.tgz",
      "integrity": "sha512-k3kNe0aNFQDAZGbin48pL2VNidTF0w4/eASDsxlyspobzU3wZQLOGj7L9gfRe0Jo9/4uud09DsjFNH7winGv8Q==",
      "dev": true
    },
    "postcss-modules-local-by-default": {
      "version": "4.2.0",
      "resolved": "https://registry.npmjs.org/postcss-modules-local-by-default/-/postcss-modules-local-by-default-4.2.0.tgz",
      "integrity": "sha512-5kcJm/zk+GJDSfw+V/42fJ5fhjL5YbFDl8nVdXkJPLLW+Vf9mTD5Xe0wqIaDnLuL2U6cDNpTr+UQ+v2HWIBhzw==",
      "dev": true,
      "requires": {
        "icss-utils": "^5.0.0",
        "postcss-selector-parser": "^7.0.0",
        "postcss-value-parser": "^4.1.0"
      }
    },
    "postcss-modules-scope": {
      "version": "3.2.1",
      "resolved": "https://registry.npmjs.org/postcss-modules-scope/-/postcss-modules-scope-3.2.1.tgz",
      "integrity": "sha512-m9jZstCVaqGjTAuny8MdgE88scJnCiQSlSrOWcTQgM2t32UBe+MUmFSO5t7VMSfAf/FJKImAxBav8ooCHJXCJA==",
      "dev": true,
      "requires": {
        "postcss-selector-parser": "^7.0.0"
      }
    },
    "postcss-modules-values": {
      "version": "4.0.0",
      "resolved": "https://registry.npmjs.org/postcss-modules-values/-/postcss-modules-values-4.0.0.tgz",
      "integrity": "sha512-RDxHkAiEGI78gS2ofyvCsu7iycRv7oqw5xMWn9iMoR0N/7mf9D50ecQqUo5BZ9Zh2vH4bCUR/ktCqbB9m8vJjQ==",
      "dev": true,
      "requires": {
        "icss-utils": "^5.0.0"
      }
    },
    "postcss-selector-parser": {
      "version": "7.1.0",
      "resolved": "https://registry.npmjs.org/postcss-selector-parser/-/postcss-selector-parser-7.1.0.tgz",
      "integrity": "sha512-8sLjZwK0R+JlxlYcTuVnyT2v+htpdrjDOKuMcOVdYjt52Lh8hWRYpxBPoKx/Zg+bcjc3wx6fmQevMmUztS/ccA==",
      "dev": true,
      "requires": {
        "cssesc": "^3.0.0",
        "util-deprecate": "^1.0.2"
      }
    },
    "postcss-value-parser": {
      "version": "4.2.0",
      "resolved": "https://registry.npmjs.org/postcss-value-parser/-/postcss-value-parser-4.2.0.tgz",
      "integrity": "sha512-1NNCs6uurfkVbeXG4S8JFT9t19m45ICnif8zWLd5oPSZ50QnwMfK+H3jv408d4jw/7Bttv5axS5IiHoLaVNHeQ==",
      "dev": true
    },
    "react": {
      "version": "19.0.0",
      "resolved": "https://registry.npmjs.org/react/-/react-19.0.0.tgz",
      "integrity": "sha512-V8AVnmPIICiWpGfm6GLzCR/W5FXLchHop40W4nXBmdlEceh16rCN8O8LNWm5bh5XUX91fh7KpA+W0TgMKmgTpQ=="
    },
    "react-dom": {
      "version": "19.0.0",
      "resolved": "https://registry.npmjs.org/react-dom/-/react-dom-19.0.0.tgz",
      "integrity": "sha512-4GV5sHFG0e/0AD4X+ySy6UJd3jVl1iNsNHdpad0qhABJ11twS3TTBnseqsKurKcsNqCEFeGL3uLpVChpIO3QfQ==",
      "requires": {
        "scheduler": "^0.25.0"
      }
    },
    "scheduler": {
      "version": "0.25.0",
      "resolved": "https://registry.npmjs.org/scheduler/-/scheduler-0.25.0.tgz",
      "integrity": "sha512-xFVuu11jh+xcO7JOAGJNOXld8/TcEHK/4CituBUeUb5hqxJLj9YuemAEuvm9gQ/+pgXYfbQuqAkiYu+u7YEsNA=="
    },
    "semver": {
      "version": "7.7.1",
      "resolved": "https://registry.npmjs.org/semver/-/semver-7.7.1.tgz",
      "integrity": "sha512-hlq8tAfn0m/61p4BVRcPzIGr6LKiMwo4VM6dGi6pt4qcRkmNzTcWq6eCEjEh+qXjkMDvPlOFFSGwQjoEa6gyMA=="
    },
    "sharp": {
      "version": "0.33.5",
      "resolved": "https://registry.npmjs.org/sharp/-/sharp-0.33.5.tgz",
      "integrity": "sha512-haPVm1EkS9pgvHrQ/F3Xy+hgcuMV0Wm9vfIBSiwZ05k+xgb0PkBQpGsAA/oWdDobNaZTH5ppvHtzCFbnSEwHVw==",
      "optional": true,
      "requires": {
        "@img/sharp-darwin-arm64": "0.33.5",
        "@img/sharp-darwin-x64": "0.33.5",
        "@img/sharp-libvips-darwin-arm64": "1.0.4",
        "@img/sharp-libvips-darwin-x64": "1.0.4",
        "@img/sharp-libvips-linux-arm": "1.0.5",
        "@img/sharp-libvips-linux-arm64": "1.0.4",
        "@img/sharp-libvips-linux-s390x": "1.0.4",
        "@img/sharp-libvips-linux-x64": "1.0.4",
        "@img/sharp-libvips-linuxmusl-arm64": "1.0.4",
        "@img/sharp-libvips-linuxmusl-x64": "1.0.4",
        "@img/sharp-linux-arm": "0.33.5",
        "@img/sharp-linux-arm64": "0.33.5",
        "@img/sharp-linux-s390x": "0.33.5",
        "@img/sharp-linux-x64": "0.33.5",
        "@img/sharp-linuxmusl-arm64": "0.33.5",
        "@img/sharp-linuxmusl-x64": "0.33.5",
        "@img/sharp-wasm32": "0.33.5",
        "@img/sharp-win32-ia32": "0.33.5",
        "@img/sharp-win32-x64": "0.33.5",
        "color": "^4.2.3",
        "detect-libc": "^2.0.3",
        "semver": "^7.6.3"
      }
    },
    "simple-swizzle": {
      "version": "0.2.2",
      "resolved": "https://registry.npmjs.org/simple-swizzle/-/simple-swizzle-0.2.2.tgz",
      "integrity": "sha512-JA//kQgZtbuY83m+xT+tXJkmJncGMTFT+C+g2h2R9uxkYIrE2yy9sgmcLhCnw57/WSD+Eh3J97FPEDFnbXnDUg==",
      "optional": true,
      "requires": {
        "is-arrayish": "^0.3.1"
      }
    },
    "source-map-js": {
      "version": "1.2.1",
      "resolved": "https://registry.npmjs.org/source-map-js/-/source-map-js-1.2.1.tgz",
      "integrity": "sha512-UXWMKhLOwVKb728IUtQPXxfYU+usdybtUrK/8uGE8CQMvrhOpwvzDBwj0QhSL7MQc7vIsISBG8VQ8+IDQxpfQA=="
    },
    "streamsearch": {
      "version": "1.1.0",
      "resolved": "https://registry.npmjs.org/streamsearch/-/streamsearch-1.1.0.tgz",
      "integrity": "sha512-Mcc5wHehp9aXz1ax6bZUyY5afg9u2rv5cqQI3mRrYkGC8rW2hM02jWuwjtL++LS5qinSyhj2QfLyNsuc+VsExg=="
    },
    "style-loader": {
      "version": "4.0.0",
      "resolved": "https://registry.npmjs.org/style-loader/-/style-loader-4.0.0.tgz",
      "integrity": "sha512-1V4WqhhZZgjVAVJyt7TdDPZoPBPNHbekX4fWnCJL1yQukhCeZhJySUL+gL9y6sNdN95uEOS83Y55SqHcP7MzLA==",
      "dev": true
    },
    "styled-jsx": {
      "version": "5.1.6",
      "resolved": "https://registry.npmjs.org/styled-jsx/-/styled-jsx-5.1.6.tgz",
      "integrity": "sha512-qSVyDTeMotdvQYoHWLNGwRFJHC+i+ZvdBRYosOFgC+Wg1vx4frN2/RG/NA7SYqqvKNLf39P2LSRA2pu6n0XYZA==",
      "requires": {
        "client-only": "0.0.1"
      }
    },
    "tslib": {
      "version": "2.8.1",
      "resolved": "https://registry.npmjs.org/tslib/-/tslib-2.8.1.tgz",
      "integrity": "sha512-oJFu94HQb+KVduSUQL7wnpmqnfmLsOA/nAh6b6EH0wCEoK0/mPeXU6c3wKDV83MkOuHPRHtSXKKU99IBazS/2w=="
    },
    "typescript": {
      "version": "5.8.2",
      "resolved": "https://registry.npmjs.org/typescript/-/typescript-5.8.2.tgz",
      "integrity": "sha512-aJn6wq13/afZp/jT9QZmwEjDqqvSGp1VT5GVg+f/t6/oVyrgXM6BY1h9BRh/O5p3PlUPAe+WuiEZOmb/49RqoQ==",
      "dev": true
    },
    "undici-types": {
      "version": "6.19.8",
      "resolved": "https://registry.npmjs.org/undici-types/-/undici-types-6.19.8.tgz",
      "integrity": "sha512-ve2KP6f/JnbPBFyobGHuerC9g1FYGn/F8n1LWTwNxCEzd6IfqTwUQcNXgEtmmQ6DlRrC1hrSrBnCZPokRrDHjw==",
      "dev": true
    },
    "util-deprecate": {
      "version": "1.0.2",
      "resolved": "https://registry.npmjs.org/util-deprecate/-/util-deprecate-1.0.2.tgz",
      "integrity": "sha512-EPD5q1uXyFxJpCrLnCc1nHnq3gOa6DZBocAIiI2TaSCA7VCJ1UJDMagCzIkXNsUYfD1daK//LTEQ8xiIbrHtcw==",
      "dev": true
    }
  }
}
